
Microsoft Visual Studio Solution File, Format Version 12.00
Project("{FAE04EC0-301F-11D3-BF4B-00C04F79EFBC}") = "ChessRules", "ChessRules\ChessRules.csproj", "{D83BC94C-04A7-4DB1-8020-A660348D8F1F}"
EndProject
Project("{FAE04EC0-301F-11D3-BF4B-00C04F79EFBC}") = "ChessDemo", "ChessDemo\ChessDemo.csproj", "{8A096E6A-650A-4B0D-ABDE-B3F3CA5983CD}"
EndProject
Global
	GlobalSection(SolutionConfigurationPlatforms) = preSolution
		Debug|Any CPU = Debug|Any CPU
		Release|Any CPU = Release|Any CPU
	EndGlobalSection
	GlobalSection(ProjectConfigurationPlatforms) = postSolution
		{D83BC94C-04A7-4DB1-8020-A660348D8F1F}.Debug|Any CPU.ActiveCfg = Debug|Any CPU
		{D83BC94C-04A7-4DB1-8020-A660348D8F1F}.Debug|Any CPU.Build.0 = Debug|Any CPU
		{D83BC94C-04A7-4DB1-8020-A660348D8F1F}.Release|Any CPU.ActiveCfg = Release|Any CPU
		{D83BC94C-04A7-4DB1-8020-A660348D8F1F}.Release|Any CPU.Build.0 = Release|Any CPU
		{8A096E6A-650A-4B0D-ABDE-B3F3CA5983CD}.Debug|Any CPU.ActiveCfg = Debug|Any CPU
		{8A096E6A-650A-4B0D-ABDE-B3F3CA5983CD}.Debug|Any CPU.Build.0 = Debug|Any CPU
		{8A096E6A-650A-4B0D-ABDE-B3F3CA5983CD}.Release|Any CPU.ActiveCfg = Release|Any CPU
		{8A096E6A-650A-4B0D-ABDE-B3F3CA5983CD}.Release|Any CPU.Build.0 = Release|Any CPU
	EndGlobalSection
EndGlobal
